
Microsoft Visual Studio Solution File, Format Version 12.00
# Visual Studio Version 16
VisualStudioVersion = 16.0.31424.327
MinimumVisualStudioVersion = 10.0.40219.1
Project("{9A19103F-16F7-4668-BE54-9A1E7A4F7556}") = "Utils", "src\Utils\Utils.csproj", "{2B74B686-8DE4-4BFF-BDF2-E4DA1FA2D044}"
EndProject
Project("{2150E333-8FDC-42A3-9474-1A3956D46DE8}") = "Adapter", "Adapter", "{C5720491-D668-4797-AD84-62D17A24BFE9}"
EndProject
Project("{2150E333-8FDC-42A3-9474-1A3956D46DE8}") = "Builder", "Builder", "{345F6682-519E-4758-A478-33C7FD9475D2}"
EndProject
Project("{2150E333-8FDC-42A3-9474-1A3956D46DE8}") = "Factory", "Factory", "{819BB805-477B-4D7F-89D6-CB8DB1748732}"
EndProject
Project("{9A19103F-16F7-4668-BE54-9A1E7A4F7556}") = "InstrumentFactory", "src\Factory\InstrumentFactory\InstrumentFactory.csproj", "{2854503D-3409-48BF-9CC8-3D679B48E86D}"
EndProject
Project("{9A19103F-16F7-4668-BE54-9A1E7A4F7556}") = "DrillAdapter", "src\Adapter\DrillAdapter\DrillAdapter.csproj", "{E57BFE8D-1A9D-419C-BF04-B31E5FDE71BC}"
EndProject
Project("{9A19103F-16F7-4668-BE54-9A1E7A4F7556}") = "PlugAdapter", "src\Adapter\PlugAdapter\PlugAdapter.csproj", "{A87368E9-EEFF-4EE9-9545-3E823401AFB0}"
EndProject
Project("{9A19103F-16F7-4668-BE54-9A1E7A4F7556}") = "BikeBuilder", "src\Builder\BikeBuilder\BikeBuilder.csproj", "{4B3BAA4F-9AA1-4152-AF57-C4AF56E1C0B1}"
EndProject
Project("{2150E333-8FDC-42A3-9474-1A3956D46DE8}") = "Prototype", "Prototype", "{8751D841-A135-43D3-A022-47E9D0F472D7}"
EndProject
Project("{9A19103F-16F7-4668-BE54-9A1E7A4F7556}") = "InvoiceTemplates", "src\Prototype\InvoiceTemplates\InvoiceTemplates.csproj", "{F0ED1148-BD4B-4B29-91A3-6D1B29140997}"
EndProject
Project("{2150E333-8FDC-42A3-9474-1A3956D46DE8}") = "ChainOfResponsibility", "ChainOfResponsibility", "{0E4F6300-19E9-4F57-8826-C6677EDC3975}"
EndProject
Project("{9A19103F-16F7-4668-BE54-9A1E7A4F7556}") = "Hospital", "src\ChainOfResponsibility\Hospital\Hospital.csproj", "{C4574278-CABA-455A-9502-91DB98ACD51E}"
EndProject
Project("{2150E333-8FDC-42A3-9474-1A3956D46DE8}") = "Combinations", "Combinations", "{04692804-21D8-4FF0-9B89-46EFA9E66952}"
EndProject
Project("{9A19103F-16F7-4668-BE54-9A1E7A4F7556}") = "PizzaDelivery", "src\Combinations\CompositeCommand\PizzaDelivery\PizzaDelivery.csproj", "{A26DA268-30FD-4EDB-B8BF-4E110CCA3323}"
EndProject
Project("{2150E333-8FDC-42A3-9474-1A3956D46DE8}") = "CompositeCommand", "CompositeCommand", "{A7F3D19C-3B95-48A2-9109-D571181AA9C0}"
EndProject
Project("{2150E333-8FDC-42A3-9474-1A3956D46DE8}") = "Strategy", "Strategy", "{05257324-9BC5-4F21-B060-7CDF178E1769}"
EndProject
Project("{2150E333-8FDC-42A3-9474-1A3956D46DE8}") = "CommandStateStrategy", "CommandStateStrategy", "{D5E626CD-F3B2-47DC-9408-783DC88C21B1}"
EndProject
Project("{9A19103F-16F7-4668-BE54-9A1E7A4F7556}") = "RestaurantManagement", "src\Combinations\CommandStateStrategy\RestaurantManagement\RestaurantManagement.csproj", "{AEC0D899-A210-409C-81CF-379E75F1B689}"
EndProject
Project("{2150E333-8FDC-42A3-9474-1A3956D46DE8}") = "DecoratorFactory", "DecoratorFactory", "{2D1F8897-5D66-47EB-A471-FDD88B95EF2D}"
EndProject
Project("{FAE04EC0-301F-11D3-BF4B-00C04F79EFBC}") = "SmartDevicesFactory", "src\Combinations\DecoratorFactory\SmartDevicesFactory\SmartDevicesFactory.csproj", "{8F366B51-4F42-4AF0-980A-D0E32F5E5C44}"
EndProject
Global
	GlobalSection(SolutionConfigurationPlatforms) = preSolution
		Debug|Any CPU = Debug|Any CPU
		Release|Any CPU = Release|Any CPU
	EndGlobalSection
	GlobalSection(ProjectConfigurationPlatforms) = postSolution
		{2B74B686-8DE4-4BFF-BDF2-E4DA1FA2D044}.Debug|Any CPU.ActiveCfg = Debug|Any CPU
		{2B74B686-8DE4-4BFF-BDF2-E4DA1FA2D044}.Debug|Any CPU.Build.0 = Debug|Any CPU
		{2B74B686-8DE4-4BFF-BDF2-E4DA1FA2D044}.Release|Any CPU.ActiveCfg = Release|Any CPU
		{2B74B686-8DE4-4BFF-BDF2-E4DA1FA2D044}.Release|Any CPU.Build.0 = Release|Any CPU
		{2854503D-3409-48BF-9CC8-3D679B48E86D}.Debug|Any CPU.ActiveCfg = Debug|Any CPU
		{2854503D-3409-48BF-9CC8-3D679B48E86D}.Debug|Any CPU.Build.0 = Debug|Any CPU
		{2854503D-3409-48BF-9CC8-3D679B48E86D}.Release|Any CPU.ActiveCfg = Release|Any CPU
		{2854503D-3409-48BF-9CC8-3D679B48E86D}.Release|Any CPU.Build.0 = Release|Any CPU
		{E57BFE8D-1A9D-419C-BF04-B31E5FDE71BC}.Debug|Any CPU.ActiveCfg = Debug|Any CPU
		{E57BFE8D-1A9D-419C-BF04-B31E5FDE71BC}.Debug|Any CPU.Build.0 = Debug|Any CPU
		{E57BFE8D-1A9D-419C-BF04-B31E5FDE71BC}.Release|Any CPU.ActiveCfg = Release|Any CPU
		{E57BFE8D-1A9D-419C-BF04-B31E5FDE71BC}.Release|Any CPU.Build.0 = Release|Any CPU
		{A87368E9-EEFF-4EE9-9545-3E823401AFB0}.Debug|Any CPU.ActiveCfg = Debug|Any CPU
		{A87368E9-EEFF-4EE9-9545-3E823401AFB0}.Debug|Any CPU.Build.0 = Debug|Any CPU
		{A87368E9-EEFF-4EE9-9545-3E823401AFB0}.Release|Any CPU.ActiveCfg = Release|Any CPU
		{A87368E9-EEFF-4EE9-9545-3E823401AFB0}.Release|Any CPU.Build.0 = Release|Any CPU
		{4B3BAA4F-9AA1-4152-AF57-C4AF56E1C0B1}.Debug|Any CPU.ActiveCfg = Debug|Any CPU
		{4B3BAA4F-9AA1-4152-AF57-C4AF56E1C0B1}.Debug|Any CPU.Build.0 = Debug|Any CPU
		{4B3BAA4F-9AA1-4152-AF57-C4AF56E1C0B1}.Release|Any CPU.ActiveCfg = Release|Any CPU
		{4B3BAA4F-9AA1-4152-AF57-C4AF56E1C0B1}.Release|Any CPU.Build.0 = Release|Any CPU
		{F0ED1148-BD4B-4B29-91A3-6D1B29140997}.Debug|Any CPU.ActiveCfg = Debug|Any CPU
		{F0ED1148-BD4B-4B29-91A3-6D1B29140997}.Debug|Any CPU.Build.0 = Debug|Any CPU
		{F0ED1148-BD4B-4B29-91A3-6D1B29140997}.Release|Any CPU.ActiveCfg = Release|Any CPU
		{F0ED1148-BD4B-4B29-91A3-6D1B29140997}.Release|Any CPU.Build.0 = Release|Any CPU
		{C4574278-CABA-455A-9502-91DB98ACD51E}.Debug|Any CPU.ActiveCfg = Debug|Any CPU
		{C4574278-CABA-455A-9502-91DB98ACD51E}.Debug|Any CPU.Build.0 = Debug|Any CPU
		{C4574278-CABA-455A-9502-91DB98ACD51E}.Release|Any CPU.ActiveCfg = Release|Any CPU
		{C4574278-CABA-455A-9502-91DB98ACD51E}.Release|Any CPU.Build.0 = Release|Any CPU
		{A26DA268-30FD-4EDB-B8BF-4E110CCA3323}.Debug|Any CPU.ActiveCfg = Debug|Any CPU
		{A26DA268-30FD-4EDB-B8BF-4E110CCA3323}.Debug|Any CPU.Build.0 = Debug|Any CPU
		{A26DA268-30FD-4EDB-B8BF-4E110CCA3323}.Release|Any CPU.ActiveCfg = Release|Any CPU
		{A26DA268-30FD-4EDB-B8BF-4E110CCA3323}.Release|Any CPU.Build.0 = Release|Any CPU
		{AEC0D899-A210-409C-81CF-379E75F1B689}.Debug|Any CPU.ActiveCfg = Debug|Any CPU
		{AEC0D899-A210-409C-81CF-379E75F1B689}.Debug|Any CPU.Build.0 = Debug|Any CPU
		{AEC0D899-A210-409C-81CF-379E75F1B689}.Release|Any CPU.ActiveCfg = Release|Any CPU
		{AEC0D899-A210-409C-81CF-379E75F1B689}.Release|Any CPU.Build.0 = Release|Any CPU
		{8F366B51-4F42-4AF0-980A-D0E32F5E5C44}.Debug|Any CPU.ActiveCfg = Debug|Any CPU
		{8F366B51-4F42-4AF0-980A-D0E32F5E5C44}.Debug|Any CPU.Build.0 = Debug|Any CPU
		{8F366B51-4F42-4AF0-980A-D0E32F5E5C44}.Release|Any CPU.ActiveCfg = Release|Any CPU
		{8F366B51-4F42-4AF0-980A-D0E32F5E5C44}.Release|Any CPU.Build.0 = Release|Any CPU
	EndGlobalSection
	GlobalSection(SolutionProperties) = preSolution
		HideSolutionNode = FALSE
	EndGlobalSection
	GlobalSection(NestedProjects) = preSolution
		{2854503D-3409-48BF-9CC8-3D679B48E86D} = {819BB805-477B-4D7F-89D6-CB8DB1748732}
		{E57BFE8D-1A9D-419C-BF04-B31E5FDE71BC} = {C5720491-D668-4797-AD84-62D17A24BFE9}
		{A87368E9-EEFF-4EE9-9545-3E823401AFB0} = {C5720491-D668-4797-AD84-62D17A24BFE9}
		{4B3BAA4F-9AA1-4152-AF57-C4AF56E1C0B1} = {345F6682-519E-4758-A478-33C7FD9475D2}
		{F0ED1148-BD4B-4B29-91A3-6D1B29140997} = {8751D841-A135-43D3-A022-47E9D0F472D7}
		{C4574278-CABA-455A-9502-91DB98ACD51E} = {0E4F6300-19E9-4F57-8826-C6677EDC3975}
		{A26DA268-30FD-4EDB-B8BF-4E110CCA3323} = {A7F3D19C-3B95-48A2-9109-D571181AA9C0}
		{A7F3D19C-3B95-48A2-9109-D571181AA9C0} = {04692804-21D8-4FF0-9B89-46EFA9E66952}
		{D5E626CD-F3B2-47DC-9408-783DC88C21B1} = {04692804-21D8-4FF0-9B89-46EFA9E66952}
		{AEC0D899-A210-409C-81CF-379E75F1B689} = {D5E626CD-F3B2-47DC-9408-783DC88C21B1}
		{2D1F8897-5D66-47EB-A471-FDD88B95EF2D} = {04692804-21D8-4FF0-9B89-46EFA9E66952}
		{8F366B51-4F42-4AF0-980A-D0E32F5E5C44} = {2D1F8897-5D66-47EB-A471-FDD88B95EF2D}
	EndGlobalSection
	GlobalSection(ExtensibilityGlobals) = postSolution
		SolutionGuid = {F6DBAC3F-5A78-4734-A4D1-32098E72C9E6}
	EndGlobalSection
EndGlobal
