
Microsoft Visual Studio Solution File, Format Version 12.00
# Visual Studio Version 17
VisualStudioVersion = 17.0.31612.314
MinimumVisualStudioVersion = 10.0.40219.1
Project("{9A19103F-16F7-4668-BE54-9A1E7A4F7556}") = "PlugAdapter", "src\PlugAdapter\PlugAdapter.csproj", "{C6325A40-2726-4949-A546-279945F4BF65}"
EndProject
Project("{9A19103F-16F7-4668-BE54-9A1E7A4F7556}") = "BikeBuilder", "src\BikeBuilder\BikeBuilder.csproj", "{F0959CEB-9246-4C73-B927-3C7275C21A8F}"
EndProject
Project("{9A19103F-16F7-4668-BE54-9A1E7A4F7556}") = "DrillAdapter", "src\DrillAdapter\DrillAdapter.csproj", "{1491254D-3B69-487E-9B01-3B02ED16DFC7}"
EndProject
Project("{FAE04EC0-301F-11D3-BF4B-00C04F79EFBC}") = "InstrumentFactory", "src\InstrumentFactory\InstrumentFactory.csproj", "{C329C488-45F8-40DF-A8C6-019D5C46E8DD}"
EndProject
Global
	GlobalSection(SolutionConfigurationPlatforms) = preSolution
		Debug|Any CPU = Debug|Any CPU
		Release|Any CPU = Release|Any CPU
	EndGlobalSection
	GlobalSection(ProjectConfigurationPlatforms) = postSolution
		{C6325A40-2726-4949-A546-279945F4BF65}.Debug|Any CPU.ActiveCfg = Debug|Any CPU
		{C6325A40-2726-4949-A546-279945F4BF65}.Debug|Any CPU.Build.0 = Debug|Any CPU
		{C6325A40-2726-4949-A546-279945F4BF65}.Release|Any CPU.ActiveCfg = Release|Any CPU
		{C6325A40-2726-4949-A546-279945F4BF65}.Release|Any CPU.Build.0 = Release|Any CPU
		{F0959CEB-9246-4C73-B927-3C7275C21A8F}.Debug|Any CPU.ActiveCfg = Debug|Any CPU
		{F0959CEB-9246-4C73-B927-3C7275C21A8F}.Debug|Any CPU.Build.0 = Debug|Any CPU
		{F0959CEB-9246-4C73-B927-3C7275C21A8F}.Release|Any CPU.ActiveCfg = Release|Any CPU
		{F0959CEB-9246-4C73-B927-3C7275C21A8F}.Release|Any CPU.Build.0 = Release|Any CPU
		{1491254D-3B69-487E-9B01-3B02ED16DFC7}.Debug|Any CPU.ActiveCfg = Debug|Any CPU
		{1491254D-3B69-487E-9B01-3B02ED16DFC7}.Debug|Any CPU.Build.0 = Debug|Any CPU
		{1491254D-3B69-487E-9B01-3B02ED16DFC7}.Release|Any CPU.ActiveCfg = Release|Any CPU
		{1491254D-3B69-487E-9B01-3B02ED16DFC7}.Release|Any CPU.Build.0 = Release|Any CPU
		{C329C488-45F8-40DF-A8C6-019D5C46E8DD}.Debug|Any CPU.ActiveCfg = Debug|Any CPU
		{C329C488-45F8-40DF-A8C6-019D5C46E8DD}.Debug|Any CPU.Build.0 = Debug|Any CPU
		{C329C488-45F8-40DF-A8C6-019D5C46E8DD}.Release|Any CPU.ActiveCfg = Release|Any CPU
		{C329C488-45F8-40DF-A8C6-019D5C46E8DD}.Release|Any CPU.Build.0 = Release|Any CPU
	EndGlobalSection
	GlobalSection(SolutionProperties) = preSolution
		HideSolutionNode = FALSE
	EndGlobalSection
	GlobalSection(ExtensibilityGlobals) = postSolution
		SolutionGuid = {F6DBAC3F-5A78-4734-A4D1-32098E72C9E6}
	EndGlobalSection
EndGlobal
